
Microsoft Visual Studio Solution File, Format Version 12.00
# Visual Studio 15
VisualStudioVersion = 15.0.28307.421
MinimumVisualStudioVersion = 10.0.40219.1
Project("{FAE04EC0-301F-11D3-BF4B-00C04F79EFBC}") = "Google Hashcode 2019", "Google Hashcode 2019\Google Hashcode 2019.csproj", "{A0F079E3-CE38-4FF4-96EC-505BBE5C2A87}"
EndProject
Global
	GlobalSection(SolutionConfigurationPlatforms) = preSolution
		Debug|Any CPU = Debug|Any CPU
		Release|Any CPU = Release|Any CPU
	EndGlobalSection
	GlobalSection(ProjectConfigurationPlatforms) = postSolution
		{A0F079E3-CE38-4FF4-96EC-505BBE5C2A87}.Debug|Any CPU.ActiveCfg = Debug|Any CPU
		{A0F079E3-CE38-4FF4-96EC-505BBE5C2A87}.Debug|Any CPU.Build.0 = Debug|Any CPU
		{A0F079E3-CE38-4FF4-96EC-505BBE5C2A87}.Release|Any CPU.ActiveCfg = Release|Any CPU
		{A0F079E3-CE38-4FF4-96EC-505BBE5C2A87}.Release|Any CPU.Build.0 = Release|Any CPU
	EndGlobalSection
	GlobalSection(SolutionProperties) = preSolution
		HideSolutionNode = FALSE
	EndGlobalSection
	GlobalSection(ExtensibilityGlobals) = postSolution
		SolutionGuid = {3E7951F3-6A30-45E7-8E22-67642DE30C74}
	EndGlobalSection
EndGlobal
